// !$*UTF8*$!
{
	archiveVersion = 1;
	classes = {
	};
	objectVersion = 46;
	objects = {

/* Begin PBXBuildFile section */
		2DC1A01F175C3F2A000FBB29 /* light_icon_selected.png in Resources */ = {isa = PBXBuildFile; fileRef = 2DC1A01E175C3F2A000FBB29 /* light_icon_selected.png */; };
		2DC1A022175C5E81000FBB29 /* Common.m in Sources */ = {isa = PBXBuildFile; fileRef = 2DC1A021175C5E81000FBB29 /* Common.m */; };
		2DC5756D17559C3D009621EB /* icon.png in Resources */ = {isa = PBXBuildFile; fileRef = 2DC5756C17559C3D009621EB /* icon.png */; };
		2DC575761755DD96009621EB /* light_icon.png in Resources */ = {isa = PBXBuildFile; fileRef = 2DC575751755DD96009621EB /* light_icon.png */; };
		2DCB75A5175317E3000718F2 /* UIKit.framework in Frameworks */ = {isa = PBXBuildFile; fileRef = 2DCB75A4175317E3000718F2 /* UIKit.framework */; };
		2DCB75A7175317E3000718F2 /* Foundation.framework in Frameworks */ = {isa = PBXBuildFile; fileRef = 2DCB75A6175317E3000718F2 /* Foundation.framework */; };
		2DCB75A9175317E3000718F2 /* CoreGraphics.framework in Frameworks */ = {isa = PBXBuildFile; fileRef = 2DCB75A8175317E3000718F2 /* CoreGraphics.framework */; };
		2DCB75AF175317E3000718F2 /* InfoPlist.strings in Resources */ = {isa = PBXBuildFile; fileRef = 2DCB75AD175317E3000718F2 /* InfoPlist.strings */; };
		2DCB75B1175317E3000718F2 /* main.m in Sources */ = {isa = PBXBuildFile; fileRef = 2DCB75B0175317E3000718F2 /* main.m */; };
		2DCB75B5175317E3000718F2 /* AppDelegate.m in Sources */ = {isa = PBXBuildFile; fileRef = 2DCB75B4175317E3000718F2 /* AppDelegate.m */; };
		2DCB75B7175317E3000718F2 /* Default.png in Resources */ = {isa = PBXBuildFile; fileRef = 2DCB75B6175317E3000718F2 /* Default.png */; };
		2DCB75B9175317E3000718F2 /* Default@2x.png in Resources */ = {isa = PBXBuildFile; fileRef = 2DCB75B8175317E3000718F2 /* Default@2x.png */; };
		2DCB75BB175317E3000718F2 /* Default-568h@2x.png in Resources */ = {isa = PBXBuildFile; fileRef = 2DCB75BA175317E3000718F2 /* Default-568h@2x.png */; };
		2DCB75BE175317E3000718F2 /* ViewController.m in Sources */ = {isa = PBXBuildFile; fileRef = 2DCB75BD175317E3000718F2 /* ViewController.m */; };
		2DCB75C1175317E3000718F2 /* ViewController.xib in Resources */ = {isa = PBXBuildFile; fileRef = 2DCB75BF175317E3000718F2 /* ViewController.xib */; };
		2DCB75CB175318B8000718F2 /* RootViewController.m in Sources */ = {isa = PBXBuildFile; fileRef = 2DCB75C9175318B8000718F2 /* RootViewController.m */; };
		2DCB75CC175318B8000718F2 /* RootViewController.xib in Resources */ = {isa = PBXBuildFile; fileRef = 2DCB75CA175318B8000718F2 /* RootViewController.xib */; };
		2DCB75CF17531BC6000718F2 /* settings.png in Resources */ = {isa = PBXBuildFile; fileRef = 2DCB75CE17531BC6000718F2 /* settings.png */; };
		2DCB75D3175325D4000718F2 /* enter_room.png in Resources */ = {isa = PBXBuildFile; fileRef = 2DCB75D2175325D4000718F2 /* enter_room.png */; };
		2DCB75D517532629000718F2 /* leave_room.png in Resources */ = {isa = PBXBuildFile; fileRef = 2DCB75D417532629000718F2 /* leave_room.png */; };
		2DCB75D817533889000718F2 /* enter_room_icon.png in Resources */ = {isa = PBXBuildFile; fileRef = 2DCB75D617533889000718F2 /* enter_room_icon.png */; };
		2DCB75D917533889000718F2 /* leave_room_icon.png in Resources */ = {isa = PBXBuildFile; fileRef = 2DCB75D717533889000718F2 /* leave_room_icon.png */; };
		2DCB75DB175339D6000718F2 /* root_list_back.png in Resources */ = {isa = PBXBuildFile; fileRef = 2DCB75DA175339D6000718F2 /* root_list_back.png */; };
		2DCB75DF17533E57000718F2 /* SystemManagerViewController.m in Sources */ = {isa = PBXBuildFile; fileRef = 2DCB75DD17533E57000718F2 /* SystemManagerViewController.m */; };
		2DCB75E017533E57000718F2 /* SystemManagerViewController.xib in Resources */ = {isa = PBXBuildFile; fileRef = 2DCB75DE17533E57000718F2 /* SystemManagerViewController.xib */; };
		2DCB75E317533FA6000718F2 /* xxxxViewController.m in Sources */ = {isa = PBXBuildFile; fileRef = 2DCB75E217533FA6000718F2 /* xxxxViewController.m */; };
		2DCB75E517534527000718F2 /* office_logo.png in Resources */ = {isa = PBXBuildFile; fileRef = 2DCB75E417534527000718F2 /* office_logo.png */; };
		2DCB75E917534722000718F2 /* OfficeListViewController.m in Sources */ = {isa = PBXBuildFile; fileRef = 2DCB75E717534721000718F2 /* OfficeListViewController.m */; };
		2DCB75EA17534722000718F2 /* OfficeListViewController.xib in Resources */ = {isa = PBXBuildFile; fileRef = 2DCB75E817534721000718F2 /* OfficeListViewController.xib */; };
		2DCB75EE17534EAE000718F2 /* OfficeDetailViewController.m in Sources */ = {isa = PBXBuildFile; fileRef = 2DCB75EC17534EAE000718F2 /* OfficeDetailViewController.m */; };
		2DCB75EF17534EAE000718F2 /* OfficeDetailViewController.xib in Resources */ = {isa = PBXBuildFile; fileRef = 2DCB75ED17534EAE000718F2 /* OfficeDetailViewController.xib */; };
		2DCB75F117535580000718F2 /* myoffice_layout.png in Resources */ = {isa = PBXBuildFile; fileRef = 2DCB75F017535580000718F2 /* myoffice_layout.png */; };
		2DCB75F517544513000718F2 /* CoAPSocket.m in Sources */ = {isa = PBXBuildFile; fileRef = 2DCB75F417544513000718F2 /* CoAPSocket.m */; };
		2DCB75FA1754497F000718F2 /* AsyncUdpSocket.m in Sources */ = {isa = PBXBuildFile; fileRef = 2DCB75F91754497F000718F2 /* AsyncUdpSocket.m */; };
		2DCB75FD17544C45000718F2 /* IPAdress.c in Sources */ = {isa = PBXBuildFile; fileRef = 2DCB75FC17544C45000718F2 /* IPAdress.c */; };
		2DCB760017548A68000718F2 /* CoAPSocketUtils.m in Sources */ = {isa = PBXBuildFile; fileRef = 2DCB75FF17548A68000718F2 /* CoAPSocketUtils.m */; };
		2DD434D9175C875800950BA3 /* libzbar.a in Frameworks */ = {isa = PBXBuildFile; fileRef = 2DD434D3175C875800950BA3 /* libzbar.a */; };
		2DD434DA175C875800950BA3 /* zbar-back.png in Resources */ = {isa = PBXBuildFile; fileRef = 2DD434D5175C875800950BA3 /* zbar-back.png */; };
		2DD434DB175C875800950BA3 /* zbar-help.html in Resources */ = {isa = PBXBuildFile; fileRef = 2DD434D6175C875800950BA3 /* zbar-help.html */; };
		2DD434DC175C875800950BA3 /* zbar-helpicons.png in Resources */ = {isa = PBXBuildFile; fileRef = 2DD434D7175C875800950BA3 /* zbar-helpicons.png */; };
		2DD434DD175C875800950BA3 /* zbar-samples.png in Resources */ = {isa = PBXBuildFile; fileRef = 2DD434D8175C875800950BA3 /* zbar-samples.png */; };
		2DD434DF175C892C00950BA3 /* QuartzCore.framework in Frameworks */ = {isa = PBXBuildFile; fileRef = 2DD434DE175C892C00950BA3 /* QuartzCore.framework */; };
		2DD434E1175C895900950BA3 /* CoreMedia.framework in Frameworks */ = {isa = PBXBuildFile; fileRef = 2DD434E0175C895900950BA3 /* CoreMedia.framework */; };
		2DD434E3175C895D00950BA3 /* CoreVideo.framework in Frameworks */ = {isa = PBXBuildFile; fileRef = 2DD434E2175C895D00950BA3 /* CoreVideo.framework */; };
		2DD434E5175C897D00950BA3 /* AVFoundation.framework in Frameworks */ = {isa = PBXBuildFile; fileRef = 2DD434E4175C897D00950BA3 /* AVFoundation.framework */; };
		2DD434E7175C8A7B00950BA3 /* libiconv.dylib in Frameworks */ = {isa = PBXBuildFile; fileRef = 2DD434E6175C8A7B00950BA3 /* libiconv.dylib */; };
		2DD434F8175DDF6000950BA3 /* NSObject+SBJSON.m in Sources */ = {isa = PBXBuildFile; fileRef = 2DD434ED175DDF6000950BA3 /* NSObject+SBJSON.m */; };
		2DD434F9175DDF6000950BA3 /* NSString+SBJSON.m in Sources */ = {isa = PBXBuildFile; fileRef = 2DD434EF175DDF6000950BA3 /* NSString+SBJSON.m */; };
		2DD434FA175DDF6000950BA3 /* SBJSON.m in Sources */ = {isa = PBXBuildFile; fileRef = 2DD434F1175DDF6000950BA3 /* SBJSON.m */; };
		2DD434FB175DDF6000950BA3 /* SBJsonBase.m in Sources */ = {isa = PBXBuildFile; fileRef = 2DD434F3175DDF6000950BA3 /* SBJsonBase.m */; };
		2DD434FC175DDF6000950BA3 /* SBJsonParser.m in Sources */ = {isa = PBXBuildFile; fileRef = 2DD434F5175DDF6000950BA3 /* SBJsonParser.m */; };
		2DD434FD175DDF6000950BA3 /* SBJsonWriter.m in Sources */ = {isa = PBXBuildFile; fileRef = 2DD434F7175DDF6000950BA3 /* SBJsonWriter.m */; };
		2DD43500175E3F7D00950BA3 /* CoAPProcessOperation.m in Sources */ = {isa = PBXBuildFile; fileRef = 2DD434FF175E3F7D00950BA3 /* CoAPProcessOperation.m */; };
		2DD43503175E413300950BA3 /* cbx0.png in Resources */ = {isa = PBXBuildFile; fileRef = 2DD43501175E413300950BA3 /* cbx0.png */; };
		2DD43504175E413300950BA3 /* cbx1.png in Resources */ = {isa = PBXBuildFile; fileRef = 2DD43502175E413300950BA3 /* cbx1.png */; };
		2DD43508175ED41100950BA3 /* MBProgressHUD.m in Sources */ = {isa = PBXBuildFile; fileRef = 2DD43507175ED41100950BA3 /* MBProgressHUD.m */; };
		2DD4350A175ED77A00950BA3 /* wifi.png in Resources */ = {isa = PBXBuildFile; fileRef = 2DD43509175ED77A00950BA3 /* wifi.png */; };
		2DD4350D175F192300950BA3 /* PairMacIPOperation.m in Sources */ = {isa = PBXBuildFile; fileRef = 2DD4350C175F192300950BA3 /* PairMacIPOperation.m */; };
		2DD43510175F98FC00950BA3 /* cbx00.png in Resources */ = {isa = PBXBuildFile; fileRef = 2DD4350E175F98FC00950BA3 /* cbx00.png */; };
		2DD43511175F98FC00950BA3 /* cbx01.png in Resources */ = {isa = PBXBuildFile; fileRef = 2DD4350F175F98FC00950BA3 /* cbx01.png */; };
		2DD43513175F9CC200950BA3 /* btn_right.png in Resources */ = {isa = PBXBuildFile; fileRef = 2DD43512175F9CC200950BA3 /* btn_right.png */; };
		2DE27F5A1756E5AD00AF109E /* highlight_back.png in Resources */ = {isa = PBXBuildFile; fileRef = 2DE27F591756E5AD00AF109E /* highlight_back.png */; };
		2DE27F5D1756E7ED00AF109E /* ConfigurationManager.m in Sources */ = {isa = PBXBuildFile; fileRef = 2DE27F5C1756E7ED00AF109E /* ConfigurationManager.m */; };
		2DE27F611757233D00AF109E /* DeviceConfigViewController.m in Sources */ = {isa = PBXBuildFile; fileRef = 2DE27F5F1757233D00AF109E /* DeviceConfigViewController.m */; };
		2DE27F621757233D00AF109E /* DeviceConfigViewController.xib in Resources */ = {isa = PBXBuildFile; fileRef = 2DE27F601757233D00AF109E /* DeviceConfigViewController.xib */; };
		2DFB50D917584D4D00F02D49 /* DeviceListViewController.m in Sources */ = {isa = PBXBuildFile; fileRef = 2DFB50D717584D4D00F02D49 /* DeviceListViewController.m */; };
		2DFB50DA17584D4D00F02D49 /* DeviceListViewController.xib in Resources */ = {isa = PBXBuildFile; fileRef = 2DFB50D817584D4D00F02D49 /* DeviceListViewController.xib */; };
		2DFB50DE1758903A00F02D49 /* IndexViewController.m in Sources */ = {isa = PBXBuildFile; fileRef = 2DFB50DC1758903900F02D49 /* IndexViewController.m */; };
		2DFB50DF1758903A00F02D49 /* IndexViewController.xib in Resources */ = {isa = PBXBuildFile; fileRef = 2DFB50DD1758903A00F02D49 /* IndexViewController.xib */; };
		2DFB50E3175891EC00F02D49 /* launch-568h@2x.png in Resources */ = {isa = PBXBuildFile; fileRef = 2DFB50E0175891EC00F02D49 /* launch-568h@2x.png */; };
		2DFB50E4175891EC00F02D49 /* launch.png in Resources */ = {isa = PBXBuildFile; fileRef = 2DFB50E1175891EC00F02D49 /* launch.png */; };
		2DFB50E5175891EC00F02D49 /* launch@2x.png in Resources */ = {isa = PBXBuildFile; fileRef = 2DFB50E2175891EC00F02D49 /* launch@2x.png */; };
		2DFB50E7175893A400F02D49 /* scan_icon.png in Resources */ = {isa = PBXBuildFile; fileRef = 2DFB50E6175893A400F02D49 /* scan_icon.png */; };
/* End PBXBuildFile section */

/* Begin PBXFileReference section */
		2DC1A01E175C3F2A000FBB29 /* light_icon_selected.png */ = {isa = PBXFileReference; lastKnownFileType = image.png; path = light_icon_selected.png; sourceTree = "<group>"; };
		2DC1A020175C5E81000FBB29 /* Common.h */ = {isa = PBXFileReference; fileEncoding = 4; lastKnownFileType = sourcecode.c.h; path = Common.h; sourceTree = "<group>"; };
		2DC1A021175C5E81000FBB29 /* Common.m */ = {isa = PBXFileReference; fileEncoding = 4; lastKnownFileType = sourcecode.c.objc; path = Common.m; sourceTree = "<group>"; };
		2DC5756C17559C3D009621EB /* icon.png */ = {isa = PBXFileReference; lastKnownFileType = image.png; path = icon.png; sourceTree = "<group>"; };
		2DC5756E1755CB1C009621EB /* zh-Hans */ = {isa = PBXFileReference; lastKnownFileType = text.plist.strings; name = "zh-Hans"; path = "zh-Hans.lproj/InfoPlist.strings"; sourceTree = "<group>"; };
		2DC575751755DD96009621EB /* light_icon.png */ = {isa = PBXFileReference; lastKnownFileType = image.png; path = light_icon.png; sourceTree = "<group>"; };
		2DCB75A1175317E3000718F2 /* LampIphoneApp.app */ = {isa = PBXFileReference; explicitFileType = wrapper.application; includeInIndex = 0; path = LampIphoneApp.app; sourceTree = BUILT_PRODUCTS_DIR; };
		2DCB75A4175317E3000718F2 /* UIKit.framework */ = {isa = PBXFileReference; lastKnownFileType = wrapper.framework; name = UIKit.framework; path = System/Library/Frameworks/UIKit.framework; sourceTree = SDKROOT; };
		2DCB75A6175317E3000718F2 /* Foundation.framework */ = {isa = PBXFileReference; lastKnownFileType = wrapper.framework; name = Foundation.framework; path = System/Library/Frameworks/Foundation.framework; sourceTree = SDKROOT; };
		2DCB75A8175317E3000718F2 /* CoreGraphics.framework */ = {isa = PBXFileReference; lastKnownFileType = wrapper.framework; name = CoreGraphics.framework; path = System/Library/Frameworks/CoreGraphics.framework; sourceTree = SDKROOT; };
		2DCB75AC175317E3000718F2 /* LampIphoneApp-Info.plist */ = {isa = PBXFileReference; lastKnownFileType = text.plist.xml; path = "LampIphoneApp-Info.plist"; sourceTree = "<group>"; };
		2DCB75AE175317E3000718F2 /* en */ = {isa = PBXFileReference; lastKnownFileType = text.plist.strings; name = en; path = en.lproj/InfoPlist.strings; sourceTree = "<group>"; };
		2DCB75B0175317E3000718F2 /* main.m */ = {isa = PBXFileReference; lastKnownFileType = sourcecode.c.objc; path = main.m; sourceTree = "<group>"; };
		2DCB75B2175317E3000718F2 /* LampIphoneApp-Prefix.pch */ = {isa = PBXFileReference; lastKnownFileType = sourcecode.c.h; path = "LampIphoneApp-Prefix.pch"; sourceTree = "<group>"; };
		2DCB75B3175317E3000718F2 /* AppDelegate.h */ = {isa = PBXFileReference; lastKnownFileType = sourcecode.c.h; path = AppDelegate.h; sourceTree = "<group>"; };
		2DCB75B4175317E3000718F2 /* AppDelegate.m */ = {isa = PBXFileReference; lastKnownFileType = sourcecode.c.objc; path = AppDelegate.m; sourceTree = "<group>"; };
		2DCB75B6175317E3000718F2 /* Default.png */ = {isa = PBXFileReference; lastKnownFileType = image.png; path = Default.png; sourceTree = "<group>"; };
		2DCB75B8175317E3000718F2 /* Default@2x.png */ = {isa = PBXFileReference; lastKnownFileType = image.png; path = "Default@2x.png"; sourceTree = "<group>"; };
		2DCB75BA175317E3000718F2 /* Default-568h@2x.png */ = {isa = PBXFileReference; lastKnownFileType = image.png; path = "Default-568h@2x.png"; sourceTree = "<group>"; };
		2DCB75BC175317E3000718F2 /* ViewController.h */ = {isa = PBXFileReference; lastKnownFileType = sourcecode.c.h; path = ViewController.h; sourceTree = "<group>"; };
		2DCB75BD175317E3000718F2 /* ViewController.m */ = {isa = PBXFileReference; lastKnownFileType = sourcecode.c.objc; path = ViewController.m; sourceTree = "<group>"; };
		2DCB75C0175317E3000718F2 /* en */ = {isa = PBXFileReference; lastKnownFileType = file.xib; name = en; path = en.lproj/ViewController.xib; sourceTree = "<group>"; };
		2DCB75C8175318B8000718F2 /* RootViewController.h */ = {isa = PBXFileReference; fileEncoding = 4; lastKnownFileType = sourcecode.c.h; path = RootViewController.h; sourceTree = "<group>"; };
		2DCB75C9175318B8000718F2 /* RootViewController.m */ = {isa = PBXFileReference; fileEncoding = 4; lastKnownFileType = sourcecode.c.objc; path = RootViewController.m; sourceTree = "<group>"; };
		2DCB75CA175318B8000718F2 /* RootViewController.xib */ = {isa = PBXFileReference; fileEncoding = 4; lastKnownFileType = file.xib; path = RootViewController.xib; sourceTree = "<group>"; };
		2DCB75CE17531BC6000718F2 /* settings.png */ = {isa = PBXFileReference; lastKnownFileType = image.png; path = settings.png; sourceTree = "<group>"; };
		2DCB75D2175325D4000718F2 /* enter_room.png */ = {isa = PBXFileReference; lastKnownFileType = image.png; path = enter_room.png; sourceTree = "<group>"; };
		2DCB75D417532629000718F2 /* leave_room.png */ = {isa = PBXFileReference; lastKnownFileType = image.png; path = leave_room.png; sourceTree = "<group>"; };
		2DCB75D617533889000718F2 /* enter_room_icon.png */ = {isa = PBXFileReference; lastKnownFileType = image.png; path = enter_room_icon.png; sourceTree = "<group>"; };
		2DCB75D717533889000718F2 /* leave_room_icon.png */ = {isa = PBXFileReference; lastKnownFileType = image.png; path = leave_room_icon.png; sourceTree = "<group>"; };
		2DCB75DA175339D6000718F2 /* root_list_back.png */ = {isa = PBXFileReference; lastKnownFileType = image.png; path = root_list_back.png; sourceTree = "<group>"; };
		2DCB75DC17533E57000718F2 /* SystemManagerViewController.h */ = {isa = PBXFileReference; fileEncoding = 4; lastKnownFileType = sourcecode.c.h; path = SystemManagerViewController.h; sourceTree = "<group>"; };
		2DCB75DD17533E57000718F2 /* SystemManagerViewController.m */ = {isa = PBXFileReference; fileEncoding = 4; lastKnownFileType = sourcecode.c.objc; path = SystemManagerViewController.m; sourceTree = "<group>"; };
		2DCB75DE17533E57000718F2 /* SystemManagerViewController.xib */ = {isa = PBXFileReference; fileEncoding = 4; lastKnownFileType = file.xib; path = SystemManagerViewController.xib; sourceTree = "<group>"; };
		2DCB75E117533FA6000718F2 /* xxxxViewController.h */ = {isa = PBXFileReference; fileEncoding = 4; lastKnownFileType = sourcecode.c.h; path = xxxxViewController.h; sourceTree = "<group>"; };
		2DCB75E217533FA6000718F2 /* xxxxViewController.m */ = {isa = PBXFileReference; fileEncoding = 4; lastKnownFileType = sourcecode.c.objc; path = xxxxViewController.m; sourceTree = "<group>"; };
		2DCB75E417534527000718F2 /* office_logo.png */ = {isa = PBXFileReference; lastKnownFileType = image.png; path = office_logo.png; sourceTree = "<group>"; };
		2DCB75E617534721000718F2 /* OfficeListViewController.h */ = {isa = PBXFileReference; fileEncoding = 4; lastKnownFileType = sourcecode.c.h; path = OfficeListViewController.h; sourceTree = "<group>"; };
		2DCB75E717534721000718F2 /* OfficeListViewController.m */ = {isa = PBXFileReference; fileEncoding = 4; lastKnownFileType = sourcecode.c.objc; path = OfficeListViewController.m; sourceTree = "<group>"; };
		2DCB75E817534721000718F2 /* OfficeListViewController.xib */ = {isa = PBXFileReference; fileEncoding = 4; lastKnownFileType = file.xib; path = OfficeListViewController.xib; sourceTree = "<group>"; };
		2DCB75EB17534EAE000718F2 /* OfficeDetailViewController.h */ = {isa = PBXFileReference; fileEncoding = 4; lastKnownFileType = sourcecode.c.h; path = OfficeDetailViewController.h; sourceTree = "<group>"; };
		2DCB75EC17534EAE000718F2 /* OfficeDetailViewController.m */ = {isa = PBXFileReference; fileEncoding = 4; lastKnownFileType = sourcecode.c.objc; path = OfficeDetailViewController.m; sourceTree = "<group>"; };
		2DCB75ED17534EAE000718F2 /* OfficeDetailViewController.xib */ = {isa = PBXFileReference; fileEncoding = 4; lastKnownFileType = file.xib; path = OfficeDetailViewController.xib; sourceTree = "<group>"; };
		2DCB75F017535580000718F2 /* myoffice_layout.png */ = {isa = PBXFileReference; lastKnownFileType = image.png; path = myoffice_layout.png; sourceTree = "<group>"; };
		2DCB75F317544513000718F2 /* CoAPSocket.h */ = {isa = PBXFileReference; fileEncoding = 4; lastKnownFileType = sourcecode.c.h; path = CoAPSocket.h; sourceTree = "<group>"; };
		2DCB75F417544513000718F2 /* CoAPSocket.m */ = {isa = PBXFileReference; fileEncoding = 4; lastKnownFileType = sourcecode.c.objc; path = CoAPSocket.m; sourceTree = "<group>"; };
		2DCB75F81754497F000718F2 /* AsyncUdpSocket.h */ = {isa = PBXFileReference; fileEncoding = 4; lastKnownFileType = sourcecode.c.h; path = AsyncUdpSocket.h; sourceTree = "<group>"; };
		2DCB75F91754497F000718F2 /* AsyncUdpSocket.m */ = {isa = PBXFileReference; fileEncoding = 4; lastKnownFileType = sourcecode.c.objc; path = AsyncUdpSocket.m; sourceTree = "<group>"; };
		2DCB75FB17544C45000718F2 /* IPAddress.h */ = {isa = PBXFileReference; fileEncoding = 4; lastKnownFileType = sourcecode.c.h; path = IPAddress.h; sourceTree = "<group>"; };
		2DCB75FC17544C45000718F2 /* IPAdress.c */ = {isa = PBXFileReference; fileEncoding = 4; lastKnownFileType = sourcecode.c.c; path = IPAdress.c; sourceTree = "<group>"; };
		2DCB75FE17548A68000718F2 /* CoAPSocketUtils.h */ = {isa = PBXFileReference; fileEncoding = 4; lastKnownFileType = sourcecode.c.h; path = CoAPSocketUtils.h; sourceTree = "<group>"; };
		2DCB75FF17548A68000718F2 /* CoAPSocketUtils.m */ = {isa = PBXFileReference; fileEncoding = 4; lastKnownFileType = sourcecode.c.objc; path = CoAPSocketUtils.m; sourceTree = "<group>"; };
		2DD434BF175C875800950BA3 /* Decoder.h */ = {isa = PBXFileReference; fileEncoding = 4; lastKnownFileType = sourcecode.c.h; path = Decoder.h; sourceTree = "<group>"; };
		2DD434C0175C875800950BA3 /* Exception.h */ = {isa = PBXFileReference; fileEncoding = 4; lastKnownFileType = sourcecode.c.h; path = Exception.h; sourceTree = "<group>"; };
		2DD434C1175C875800950BA3 /* Image.h */ = {isa = PBXFileReference; fileEncoding = 4; lastKnownFileType = sourcecode.c.h; path = Image.h; sourceTree = "<group>"; };
		2DD434C2175C875800950BA3 /* ImageScanner.h */ = {isa = PBXFileReference; fileEncoding = 4; lastKnownFileType = sourcecode.c.h; path = ImageScanner.h; sourceTree = "<group>"; };
		2DD434C3175C875800950BA3 /* Processor.h */ = {isa = PBXFileReference; fileEncoding = 4; lastKnownFileType = sourcecode.c.h; path = Processor.h; sourceTree = "<group>"; };
		2DD434C4175C875800950BA3 /* Scanner.h */ = {isa = PBXFileReference; fileEncoding = 4; lastKnownFileType = sourcecode.c.h; path = Scanner.h; sourceTree = "<group>"; };
		2DD434C5175C875800950BA3 /* Symbol.h */ = {isa = PBXFileReference; fileEncoding = 4; lastKnownFileType = sourcecode.c.h; path = Symbol.h; sourceTree = "<group>"; };
		2DD434C6175C875800950BA3 /* Video.h */ = {isa = PBXFileReference; fileEncoding = 4; lastKnownFileType = sourcecode.c.h; path = Video.h; sourceTree = "<group>"; };
		2DD434C7175C875800950BA3 /* Window.h */ = {isa = PBXFileReference; fileEncoding = 4; lastKnownFileType = sourcecode.c.h; path = Window.h; sourceTree = "<group>"; };
		2DD434C8175C875800950BA3 /* zbar.h */ = {isa = PBXFileReference; fileEncoding = 4; lastKnownFileType = sourcecode.c.h; path = zbar.h; sourceTree = "<group>"; };
		2DD434C9175C875800950BA3 /* ZBarCameraSimulator.h */ = {isa = PBXFileReference; fileEncoding = 4; lastKnownFileType = sourcecode.c.h; path = ZBarCameraSimulator.h; sourceTree = "<group>"; };
		2DD434CA175C875800950BA3 /* ZBarCaptureReader.h */ = {isa = PBXFileReference; fileEncoding = 4; lastKnownFileType = sourcecode.c.h; path = ZBarCaptureReader.h; sourceTree = "<group>"; };
		2DD434CB175C875800950BA3 /* ZBarHelpController.h */ = {isa = PBXFileReference; fileEncoding = 4; lastKnownFileType = sourcecode.c.h; path = ZBarHelpController.h; sourceTree = "<group>"; };
		2DD434CC175C875800950BA3 /* ZBarImage.h */ = {isa = PBXFileReference; fileEncoding = 4; lastKnownFileType = sourcecode.c.h; path = ZBarImage.h; sourceTree = "<group>"; };
		2DD434CD175C875800950BA3 /* ZBarImageScanner.h */ = {isa = PBXFileReference; fileEncoding = 4; lastKnownFileType = sourcecode.c.h; path = ZBarImageScanner.h; sourceTree = "<group>"; };
		2DD434CE175C875800950BA3 /* ZBarReaderController.h */ = {isa = PBXFileReference; fileEncoding = 4; lastKnownFileType = sourcecode.c.h; path = ZBarReaderController.h; sourceTree = "<group>"; };
		2DD434CF175C875800950BA3 /* ZBarReaderView.h */ = {isa = PBXFileReference; fileEncoding = 4; lastKnownFileType = sourcecode.c.h; path = ZBarReaderView.h; sourceTree = "<group>"; };
		2DD434D0175C875800950BA3 /* ZBarReaderViewController.h */ = {isa = PBXFileReference; fileEncoding = 4; lastKnownFileType = sourcecode.c.h; path = ZBarReaderViewController.h; sourceTree = "<group>"; };
		2DD434D1175C875800950BA3 /* ZBarSDK.h */ = {isa = PBXFileReference; fileEncoding = 4; lastKnownFileType = sourcecode.c.h; path = ZBarSDK.h; sourceTree = "<group>"; };
		2DD434D2175C875800950BA3 /* ZBarSymbol.h */ = {isa = PBXFileReference; fileEncoding = 4; lastKnownFileType = sourcecode.c.h; path = ZBarSymbol.h; sourceTree = "<group>"; };
		2DD434D3175C875800950BA3 /* libzbar.a */ = {isa = PBXFileReference; lastKnownFileType = archive.ar; path = libzbar.a; sourceTree = "<group>"; };
		2DD434D5175C875800950BA3 /* zbar-back.png */ = {isa = PBXFileReference; lastKnownFileType = image.png; path = "zbar-back.png"; sourceTree = "<group>"; };
		2DD434D6175C875800950BA3 /* zbar-help.html */ = {isa = PBXFileReference; fileEncoding = 4; lastKnownFileType = text.html; path = "zbar-help.html"; sourceTree = "<group>"; };
		2DD434D7175C875800950BA3 /* zbar-helpicons.png */ = {isa = PBXFileReference; lastKnownFileType = image.png; path = "zbar-helpicons.png"; sourceTree = "<group>"; };
		2DD434D8175C875800950BA3 /* zbar-samples.png */ = {isa = PBXFileReference; lastKnownFileType = image.png; path = "zbar-samples.png"; sourceTree = "<group>"; };
		2DD434DE175C892C00950BA3 /* QuartzCore.framework */ = {isa = PBXFileReference; lastKnownFileType = wrapper.framework; name = QuartzCore.framework; path = System/Library/Frameworks/QuartzCore.framework; sourceTree = SDKROOT; };
		2DD434E0175C895900950BA3 /* CoreMedia.framework */ = {isa = PBXFileReference; lastKnownFileType = wrapper.framework; name = CoreMedia.framework; path = System/Library/Frameworks/CoreMedia.framework; sourceTree = SDKROOT; };
		2DD434E2175C895D00950BA3 /* CoreVideo.framework */ = {isa = PBXFileReference; lastKnownFileType = wrapper.framework; name = CoreVideo.framework; path = System/Library/Frameworks/CoreVideo.framework; sourceTree = SDKROOT; };
		2DD434E4175C897D00950BA3 /* AVFoundation.framework */ = {isa = PBXFileReference; lastKnownFileType = wrapper.framework; name = AVFoundation.framework; path = System/Library/Frameworks/AVFoundation.framework; sourceTree = SDKROOT; };
		2DD434E6175C8A7B00950BA3 /* libiconv.dylib */ = {isa = PBXFileReference; lastKnownFileType = "compiled.mach-o.dylib"; name = libiconv.dylib; path = usr/lib/libiconv.dylib; sourceTree = SDKROOT; };
		2DD434EB175DDF6000950BA3 /* JSON.h */ = {isa = PBXFileReference; fileEncoding = 4; lastKnownFileType = sourcecode.c.h; path = JSON.h; sourceTree = "<group>"; };
		2DD434EC175DDF6000950BA3 /* NSObject+SBJSON.h */ = {isa = PBXFileReference; fileEncoding = 4; lastKnownFileType = sourcecode.c.h; path = "NSObject+SBJSON.h"; sourceTree = "<group>"; };
		2DD434ED175DDF6000950BA3 /* NSObject+SBJSON.m */ = {isa = PBXFileReference; fileEncoding = 4; lastKnownFileType = sourcecode.c.objc; path = "NSObject+SBJSON.m"; sourceTree = "<group>"; };
		2DD434EE175DDF6000950BA3 /* NSString+SBJSON.h */ = {isa = PBXFileReference; fileEncoding = 4; lastKnownFileType = sourcecode.c.h; path = "NSString+SBJSON.h"; sourceTree = "<group>"; };
		2DD434EF175DDF6000950BA3 /* NSString+SBJSON.m */ = {isa = PBXFileReference; fileEncoding = 4; lastKnownFileType = sourcecode.c.objc; path = "NSString+SBJSON.m"; sourceTree = "<group>"; };
		2DD434F0175DDF6000950BA3 /* SBJSON.h */ = {isa = PBXFileReference; fileEncoding = 4; lastKnownFileType = sourcecode.c.h; path = SBJSON.h; sourceTree = "<group>"; };
		2DD434F1175DDF6000950BA3 /* SBJSON.m */ = {isa = PBXFileReference; fileEncoding = 4; lastKnownFileType = sourcecode.c.objc; path = SBJSON.m; sourceTree = "<group>"; };
		2DD434F2175DDF6000950BA3 /* SBJsonBase.h */ = {isa = PBXFileReference; fileEncoding = 4; lastKnownFileType = sourcecode.c.h; path = SBJsonBase.h; sourceTree = "<group>"; };
		2DD434F3175DDF6000950BA3 /* SBJsonBase.m */ = {isa = PBXFileReference; fileEncoding = 4; lastKnownFileType = sourcecode.c.objc; path = SBJsonBase.m; sourceTree = "<group>"; };
		2DD434F4175DDF6000950BA3 /* SBJsonParser.h */ = {isa = PBXFileReference; fileEncoding = 4; lastKnownFileType = sourcecode.c.h; path = SBJsonParser.h; sourceTree = "<group>"; };
		2DD434F5175DDF6000950BA3 /* SBJsonParser.m */ = {isa = PBXFileReference; fileEncoding = 4; lastKnownFileType = sourcecode.c.objc; path = SBJsonParser.m; sourceTree = "<group>"; };
		2DD434F6175DDF6000950BA3 /* SBJsonWriter.h */ = {isa = PBXFileReference; fileEncoding = 4; lastKnownFileType = sourcecode.c.h; path = SBJsonWriter.h; sourceTree = "<group>"; };
		2DD434F7175DDF6000950BA3 /* SBJsonWriter.m */ = {isa = PBXFileReference; fileEncoding = 4; lastKnownFileType = sourcecode.c.objc; path = SBJsonWriter.m; sourceTree = "<group>"; };
		2DD434FE175E3F7D00950BA3 /* CoAPProcessOperation.h */ = {isa = PBXFileReference; fileEncoding = 4; lastKnownFileType = sourcecode.c.h; path = CoAPProcessOperation.h; sourceTree = "<group>"; };
		2DD434FF175E3F7D00950BA3 /* CoAPProcessOperation.m */ = {isa = PBXFileReference; fileEncoding = 4; lastKnownFileType = sourcecode.c.objc; path = CoAPProcessOperation.m; sourceTree = "<group>"; };
		2DD43501175E413300950BA3 /* cbx0.png */ = {isa = PBXFileReference; lastKnownFileType = image.png; path = cbx0.png; sourceTree = "<group>"; };
		2DD43502175E413300950BA3 /* cbx1.png */ = {isa = PBXFileReference; lastKnownFileType = image.png; path = cbx1.png; sourceTree = "<group>"; };
		2DD43506175ED41100950BA3 /* MBProgressHUD.h */ = {isa = PBXFileReference; fileEncoding = 4; lastKnownFileType = sourcecode.c.h; path = MBProgressHUD.h; sourceTree = "<group>"; };
		2DD43507175ED41100950BA3 /* MBProgressHUD.m */ = {isa = PBXFileReference; fileEncoding = 4; lastKnownFileType = sourcecode.c.objc; path = MBProgressHUD.m; sourceTree = "<group>"; };
		2DD43509175ED77A00950BA3 /* wifi.png */ = {isa = PBXFileReference; lastKnownFileType = image.png; path = wifi.png; sourceTree = "<group>"; };
		2DD4350B175F192300950BA3 /* PairMacIPOperation.h */ = {isa = PBXFileReference; fileEncoding = 4; lastKnownFileType = sourcecode.c.h; path = PairMacIPOperation.h; sourceTree = "<group>"; };
		2DD4350C175F192300950BA3 /* PairMacIPOperation.m */ = {isa = PBXFileReference; fileEncoding = 4; lastKnownFileType = sourcecode.c.objc; path = PairMacIPOperation.m; sourceTree = "<group>"; };
		2DD4350E175F98FC00950BA3 /* cbx00.png */ = {isa = PBXFileReference; lastKnownFileType = image.png; path = cbx00.png; sourceTree = "<group>"; };
		2DD4350F175F98FC00950BA3 /* cbx01.png */ = {isa = PBXFileReference; lastKnownFileType = image.png; path = cbx01.png; sourceTree = "<group>"; };
		2DD43512175F9CC200950BA3 /* btn_right.png */ = {isa = PBXFileReference; lastKnownFileType = image.png; path = btn_right.png; sourceTree = "<group>"; };
		2DE27F591756E5AD00AF109E /* highlight_back.png */ = {isa = PBXFileReference; lastKnownFileType = image.png; path = highlight_back.png; sourceTree = "<group>"; };
		2DE27F5B1756E7ED00AF109E /* ConfigurationManager.h */ = {isa = PBXFileReference; fileEncoding = 4; lastKnownFileType = sourcecode.c.h; path = ConfigurationManager.h; sourceTree = "<group>"; };
		2DE27F5C1756E7ED00AF109E /* ConfigurationManager.m */ = {isa = PBXFileReference; fileEncoding = 4; lastKnownFileType = sourcecode.c.objc; path = ConfigurationManager.m; sourceTree = "<group>"; };
		2DE27F5E1757233D00AF109E /* DeviceConfigViewController.h */ = {isa = PBXFileReference; fileEncoding = 4; lastKnownFileType = sourcecode.c.h; path = DeviceConfigViewController.h; sourceTree = "<group>"; };
		2DE27F5F1757233D00AF109E /* DeviceConfigViewController.m */ = {isa = PBXFileReference; fileEncoding = 4; lastKnownFileType = sourcecode.c.objc; path = DeviceConfigViewController.m; sourceTree = "<group>"; };
		2DE27F601757233D00AF109E /* DeviceConfigViewController.xib */ = {isa = PBXFileReference; fileEncoding = 4; lastKnownFileType = file.xib; path = DeviceConfigViewController.xib; sourceTree = "<group>"; };
		2DFB50D617584D4D00F02D49 /* DeviceListViewController.h */ = {isa = PBXFileReference; fileEncoding = 4; lastKnownFileType = sourcecode.c.h; path = DeviceListViewController.h; sourceTree = "<group>"; };
		2DFB50D717584D4D00F02D49 /* DeviceListViewController.m */ = {isa = PBXFileReference; fileEncoding = 4; lastKnownFileType = sourcecode.c.objc; path = DeviceListViewController.m; sourceTree = "<group>"; };
		2DFB50D817584D4D00F02D49 /* DeviceListViewController.xib */ = {isa = PBXFileReference; fileEncoding = 4; lastKnownFileType = file.xib; path = DeviceListViewController.xib; sourceTree = "<group>"; };
		2DFB50DB1758903900F02D49 /* IndexViewController.h */ = {isa = PBXFileReference; fileEncoding = 4; lastKnownFileType = sourcecode.c.h; path = IndexViewController.h; sourceTree = "<group>"; };
		2DFB50DC1758903900F02D49 /* IndexViewController.m */ = {isa = PBXFileReference; fileEncoding = 4; lastKnownFileType = sourcecode.c.objc; path = IndexViewController.m; sourceTree = "<group>"; };
		2DFB50DD1758903A00F02D49 /* IndexViewController.xib */ = {isa = PBXFileReference; fileEncoding = 4; lastKnownFileType = file.xib; path = IndexViewController.xib; sourceTree = "<group>"; };
		2DFB50E0175891EC00F02D49 /* launch-568h@2x.png */ = {isa = PBXFileReference; lastKnownFileType = image.png; path = "launch-568h@2x.png"; sourceTree = "<group>"; };
		2DFB50E1175891EC00F02D49 /* launch.png */ = {isa = PBXFileReference; lastKnownFileType = image.png; path = launch.png; sourceTree = "<group>"; };
		2DFB50E2175891EC00F02D49 /* launch@2x.png */ = {isa = PBXFileReference; lastKnownFileType = image.png; path = "launch@2x.png"; sourceTree = "<group>"; };
		2DFB50E6175893A400F02D49 /* scan_icon.png */ = {isa = PBXFileReference; lastKnownFileType = image.png; path = scan_icon.png; sourceTree = "<group>"; };
/* End PBXFileReference section */

/* Begin PBXFrameworksBuildPhase section */
		2DCB759E175317E3000718F2 /* Frameworks */ = {
			isa = PBXFrameworksBuildPhase;
			buildActionMask = 2147483647;
			files = (
				2DD434E7175C8A7B00950BA3 /* libiconv.dylib in Frameworks */,
				2DD434E5175C897D00950BA3 /* AVFoundation.framework in Frameworks */,
				2DD434E3175C895D00950BA3 /* CoreVideo.framework in Frameworks */,
				2DD434E1175C895900950BA3 /* CoreMedia.framework in Frameworks */,
				2DD434DF175C892C00950BA3 /* QuartzCore.framework in Frameworks */,
				2DCB75A5175317E3000718F2 /* UIKit.framework in Frameworks */,
				2DCB75A7175317E3000718F2 /* Foundation.framework in Frameworks */,
				2DCB75A9175317E3000718F2 /* CoreGraphics.framework in Frameworks */,
				2DD434D9175C875800950BA3 /* libzbar.a in Frameworks */,
			);
			runOnlyForDeploymentPostprocessing = 0;
		};
/* End PBXFrameworksBuildPhase section */

/* Begin PBXGroup section */
		2DCB7598175317E3000718F2 = {
			isa = PBXGroup;
			children = (
				2DD434E6175C8A7B00950BA3 /* libiconv.dylib */,
				2DD434E4175C897D00950BA3 /* AVFoundation.framework */,
				2DD434E2175C895D00950BA3 /* CoreVideo.framework */,
				2DD434E0175C895900950BA3 /* CoreMedia.framework */,
				2DD434DE175C892C00950BA3 /* QuartzCore.framework */,
				2DCB75AA175317E3000718F2 /* LampIphoneApp */,
				2DCB75A3175317E3000718F2 /* Frameworks */,
				2DCB75A2175317E3000718F2 /* Products */,
			);
			sourceTree = "<group>";
		};
		2DCB75A2175317E3000718F2 /* Products */ = {
			isa = PBXGroup;
			children = (
				2DCB75A1175317E3000718F2 /* LampIphoneApp.app */,
			);
			name = Products;
			sourceTree = "<group>";
		};
		2DCB75A3175317E3000718F2 /* Frameworks */ = {
			isa = PBXGroup;
			children = (
				2DCB75A4175317E3000718F2 /* UIKit.framework */,
				2DCB75A6175317E3000718F2 /* Foundation.framework */,
				2DCB75A8175317E3000718F2 /* CoreGraphics.framework */,
			);
			name = Frameworks;
			sourceTree = "<group>";
		};
		2DCB75AA175317E3000718F2 /* LampIphoneApp */ = {
			isa = PBXGroup;
			children = (
				2DCB75F617544964000718F2 /* vend */,
				2DCB75F2175444F1000718F2 /* utils */,
				2DCB75CD17531BC6000718F2 /* images */,
				2DCB75C7175318A3000718F2 /* viewControllers */,
				2DCB75B3175317E3000718F2 /* AppDelegate.h */,
				2DCB75B4175317E3000718F2 /* AppDelegate.m */,
				2DCB75BC175317E3000718F2 /* ViewController.h */,
				2DCB75BD175317E3000718F2 /* ViewController.m */,
				2DCB75BF175317E3000718F2 /* ViewController.xib */,
				2DCB75AB175317E3000718F2 /* Supporting Files */,
			);
			path = LampIphoneApp;
			sourceTree = "<group>";
		};
		2DCB75AB175317E3000718F2 /* Supporting Files */ = {
			isa = PBXGroup;
			children = (
				2DFB50E0175891EC00F02D49 /* launch-568h@2x.png */,
				2DFB50E1175891EC00F02D49 /* launch.png */,
				2DFB50E2175891EC00F02D49 /* launch@2x.png */,
				2DCB75AC175317E3000718F2 /* LampIphoneApp-Info.plist */,
				2DCB75AD175317E3000718F2 /* InfoPlist.strings */,
				2DCB75B0175317E3000718F2 /* main.m */,
				2DCB75B2175317E3000718F2 /* LampIphoneApp-Prefix.pch */,
				2DCB75B6175317E3000718F2 /* Default.png */,
				2DCB75B8175317E3000718F2 /* Default@2x.png */,
				2DCB75BA175317E3000718F2 /* Default-568h@2x.png */,
			);
			name = "Supporting Files";
			sourceTree = "<group>";
		};
		2DCB75C7175318A3000718F2 /* viewControllers */ = {
			isa = PBXGroup;
			children = (
				2DCB75C8175318B8000718F2 /* RootViewController.h */,
				2DCB75C9175318B8000718F2 /* RootViewController.m */,
				2DCB75CA175318B8000718F2 /* RootViewController.xib */,
				2DCB75DC17533E57000718F2 /* SystemManagerViewController.h */,
				2DCB75DD17533E57000718F2 /* SystemManagerViewController.m */,
				2DCB75DE17533E57000718F2 /* SystemManagerViewController.xib */,
				2DCB75E117533FA6000718F2 /* xxxxViewController.h */,
				2DCB75E217533FA6000718F2 /* xxxxViewController.m */,
				2DCB75E617534721000718F2 /* OfficeListViewController.h */,
				2DCB75E717534721000718F2 /* OfficeListViewController.m */,
				2DCB75E817534721000718F2 /* OfficeListViewController.xib */,
				2DCB75EB17534EAE000718F2 /* OfficeDetailViewController.h */,
				2DCB75EC17534EAE000718F2 /* OfficeDetailViewController.m */,
				2DCB75ED17534EAE000718F2 /* OfficeDetailViewController.xib */,
				2DE27F5E1757233D00AF109E /* DeviceConfigViewController.h */,
				2DE27F5F1757233D00AF109E /* DeviceConfigViewController.m */,
				2DE27F601757233D00AF109E /* DeviceConfigViewController.xib */,
				2DFB50D617584D4D00F02D49 /* DeviceListViewController.h */,
				2DFB50D717584D4D00F02D49 /* DeviceListViewController.m */,
				2DFB50D817584D4D00F02D49 /* DeviceListViewController.xib */,
				2DFB50DB1758903900F02D49 /* IndexViewController.h */,
				2DFB50DC1758903900F02D49 /* IndexViewController.m */,
				2DFB50DD1758903A00F02D49 /* IndexViewController.xib */,
			);
			path = viewControllers;
			sourceTree = "<group>";
		};
		2DCB75CD17531BC6000718F2 /* images */ = {
			isa = PBXGroup;
			children = (
				2DD4350E175F98FC00950BA3 /* cbx00.png */,
				2DD4350F175F98FC00950BA3 /* cbx01.png */,
				2DD43509175ED77A00950BA3 /* wifi.png */,
				2DD43501175E413300950BA3 /* cbx0.png */,
				2DD43502175E413300950BA3 /* cbx1.png */,
				2DC1A01E175C3F2A000FBB29 /* light_icon_selected.png */,
				2DD43512175F9CC200950BA3 /* btn_right.png */,
				2DFB50E6175893A400F02D49 /* scan_icon.png */,
				2DE27F591756E5AD00AF109E /* highlight_back.png */,
				2DC575751755DD96009621EB /* light_icon.png */,
				2DC5756C17559C3D009621EB /* icon.png */,
				2DCB75F017535580000718F2 /* myoffice_layout.png */,
				2DCB75E417534527000718F2 /* office_logo.png */,
				2DCB75DA175339D6000718F2 /* root_list_back.png */,
				2DCB75D617533889000718F2 /* enter_room_icon.png */,
				2DCB75D717533889000718F2 /* leave_room_icon.png */,
				2DCB75D417532629000718F2 /* leave_room.png */,
				2DCB75D2175325D4000718F2 /* enter_room.png */,
				2DCB75CE17531BC6000718F2 /* settings.png */,
			);
			path = images;
			sourceTree = "<group>";
		};
		2DCB75F2175444F1000718F2 /* utils */ = {
			isa = PBXGroup;
			children = (
				2DCB75F317544513000718F2 /* CoAPSocket.h */,
				2DCB75F417544513000718F2 /* CoAPSocket.m */,
				2DCB75FE17548A68000718F2 /* CoAPSocketUtils.h */,
				2DCB75FF17548A68000718F2 /* CoAPSocketUtils.m */,
				2DE27F5B1756E7ED00AF109E /* ConfigurationManager.h */,
				2DE27F5C1756E7ED00AF109E /* ConfigurationManager.m */,
				2DC1A020175C5E81000FBB29 /* Common.h */,
				2DC1A021175C5E81000FBB29 /* Common.m */,
				2DD434FE175E3F7D00950BA3 /* CoAPProcessOperation.h */,
				2DD434FF175E3F7D00950BA3 /* CoAPProcessOperation.m */,
				2DD4350B175F192300950BA3 /* PairMacIPOperation.h */,
				2DD4350C175F192300950BA3 /* PairMacIPOperation.m */,
			);
			path = utils;
			sourceTree = "<group>";
		};
		2DCB75F617544964000718F2 /* vend */ = {
			isa = PBXGroup;
			children = (
				2DD43505175ED41100950BA3 /* MBProgressHUD */,
				2DD434EA175DDF6000950BA3 /* JSON */,
				2DD434BB175C875800950BA3 /* ZBarSDK */,
				2DCB75F71754497F000718F2 /* AsyncUdpSocket */,
			);
			path = vend;
			sourceTree = "<group>";
		};
		2DCB75F71754497F000718F2 /* AsyncUdpSocket */ = {
			isa = PBXGroup;
			children = (
				2DCB75FB17544C45000718F2 /* IPAddress.h */,
				2DCB75FC17544C45000718F2 /* IPAdress.c */,
				2DCB75F81754497F000718F2 /* AsyncUdpSocket.h */,
				2DCB75F91754497F000718F2 /* AsyncUdpSocket.m */,
			);
			path = AsyncUdpSocket;
			sourceTree = "<group>";
		};
		2DD434BB175C875800950BA3 /* ZBarSDK */ = {
			isa = PBXGroup;
			children = (
				2DD434BC175C875800950BA3 /* Headers */,
				2DD434D3175C875800950BA3 /* libzbar.a */,
				2DD434D4175C875800950BA3 /* Resources */,
			);
			path = ZBarSDK;
			sourceTree = "<group>";
		};
		2DD434BC175C875800950BA3 /* Headers */ = {
			isa = PBXGroup;
			children = (
				2DD434BD175C875800950BA3 /* ZBarSDK */,
			);
			path = Headers;
			sourceTree = "<group>";
		};
		2DD434BD175C875800950BA3 /* ZBarSDK */ = {
			isa = PBXGroup;
			children = (
				2DD434BE175C875800950BA3 /* zbar */,
				2DD434C8175C875800950BA3 /* zbar.h */,
				2DD434C9175C875800950BA3 /* ZBarCameraSimulator.h */,
				2DD434CA175C875800950BA3 /* ZBarCaptureReader.h */,
				2DD434CB175C875800950BA3 /* ZBarHelpController.h */,
				2DD434CC175C875800950BA3 /* ZBarImage.h */,
				2DD434CD175C875800950BA3 /* ZBarImageScanner.h */,
				2DD434CE175C875800950BA3 /* ZBarReaderController.h */,
				2DD434CF175C875800950BA3 /* ZBarReaderView.h */,
				2DD434D0175C875800950BA3 /* ZBarReaderViewController.h */,
				2DD434D1175C875800950BA3 /* ZBarSDK.h */,
				2DD434D2175C875800950BA3 /* ZBarSymbol.h */,
			);
			path = ZBarSDK;
			sourceTree = "<group>";
		};
		2DD434BE175C875800950BA3 /* zbar */ = {
			isa = PBXGroup;
			children = (
				2DD434BF175C875800950BA3 /* Decoder.h */,
				2DD434C0175C875800950BA3 /* Exception.h */,
				2DD434C1175C875800950BA3 /* Image.h */,
				2DD434C2175C875800950BA3 /* ImageScanner.h */,
				2DD434C3175C875800950BA3 /* Processor.h */,
				2DD434C4175C875800950BA3 /* Scanner.h */,
				2DD434C5175C875800950BA3 /* Symbol.h */,
				2DD434C6175C875800950BA3 /* Video.h */,
				2DD434C7175C875800950BA3 /* Window.h */,
			);
			path = zbar;
			sourceTree = "<group>";
		};
		2DD434D4175C875800950BA3 /* Resources */ = {
			isa = PBXGroup;
			children = (
				2DD434D5175C875800950BA3 /* zbar-back.png */,
				2DD434D6175C875800950BA3 /* zbar-help.html */,
				2DD434D7175C875800950BA3 /* zbar-helpicons.png */,
				2DD434D8175C875800950BA3 /* zbar-samples.png */,
			);
			path = Resources;
			sourceTree = "<group>";
		};
		2DD434EA175DDF6000950BA3 /* JSON */ = {
			isa = PBXGroup;
			children = (
				2DD434EB175DDF6000950BA3 /* JSON.h */,
				2DD434EC175DDF6000950BA3 /* NSObject+SBJSON.h */,
				2DD434ED175DDF6000950BA3 /* NSObject+SBJSON.m */,
				2DD434EE175DDF6000950BA3 /* NSString+SBJSON.h */,
				2DD434EF175DDF6000950BA3 /* NSString+SBJSON.m */,
				2DD434F0175DDF6000950BA3 /* SBJSON.h */,
				2DD434F1175DDF6000950BA3 /* SBJSON.m */,
				2DD434F2175DDF6000950BA3 /* SBJsonBase.h */,
				2DD434F3175DDF6000950BA3 /* SBJsonBase.m */,
				2DD434F4175DDF6000950BA3 /* SBJsonParser.h */,
				2DD434F5175DDF6000950BA3 /* SBJsonParser.m */,
				2DD434F6175DDF6000950BA3 /* SBJsonWriter.h */,
				2DD434F7175DDF6000950BA3 /* SBJsonWriter.m */,
			);
			path = JSON;
			sourceTree = "<group>";
		};
		2DD43505175ED41100950BA3 /* MBProgressHUD */ = {
			isa = PBXGroup;
			children = (
				2DD43506175ED41100950BA3 /* MBProgressHUD.h */,
				2DD43507175ED41100950BA3 /* MBProgressHUD.m */,
			);
			path = MBProgressHUD;
			sourceTree = "<group>";
		};
/* End PBXGroup section */

/* Begin PBXNativeTarget section */
		2DCB75A0175317E3000718F2 /* LampIphoneApp */ = {
			isa = PBXNativeTarget;
			buildConfigurationList = 2DCB75C4175317E3000718F2 /* Build configuration list for PBXNativeTarget "LampIphoneApp" */;
			buildPhases = (
				2DCB759D175317E3000718F2 /* Sources */,
				2DCB759E175317E3000718F2 /* Frameworks */,
				2DCB759F175317E3000718F2 /* Resources */,
			);
			buildRules = (
			);
			dependencies = (
			);
			name = LampIphoneApp;
			productName = LampIphoneApp;
			productReference = 2DCB75A1175317E3000718F2 /* LampIphoneApp.app */;
			productType = "com.apple.product-type.application";
		};
/* End PBXNativeTarget section */

/* Begin PBXProject section */
		2DCB7599175317E3000718F2 /* Project object */ = {
			isa = PBXProject;
			attributes = {
				LastUpgradeCheck = 0460;
				ORGANIZATIONNAME = wangbo;
			};
			buildConfigurationList = 2DCB759C175317E3000718F2 /* Build configuration list for PBXProject "LampIphoneApp" */;
			compatibilityVersion = "Xcode 3.2";
			developmentRegion = English;
			hasScannedForEncodings = 0;
			knownRegions = (
				en,
				"zh-Hans",
			);
			mainGroup = 2DCB7598175317E3000718F2;
			productRefGroup = 2DCB75A2175317E3000718F2 /* Products */;
			projectDirPath = "";
			projectRoot = "";
			targets = (
				2DCB75A0175317E3000718F2 /* LampIphoneApp */,
			);
		};
/* End PBXProject section */

/* Begin PBXResourcesBuildPhase section */
		2DCB759F175317E3000718F2 /* Resources */ = {
			isa = PBXResourcesBuildPhase;
			buildActionMask = 2147483647;
			files = (
				2DCB75AF175317E3000718F2 /* InfoPlist.strings in Resources */,
				2DCB75B7175317E3000718F2 /* Default.png in Resources */,
				2DCB75B9175317E3000718F2 /* Default@2x.png in Resources */,
				2DCB75BB175317E3000718F2 /* Default-568h@2x.png in Resources */,
				2DCB75C1175317E3000718F2 /* ViewController.xib in Resources */,
				2DCB75CC175318B8000718F2 /* RootViewController.xib in Resources */,
				2DCB75CF17531BC6000718F2 /* settings.png in Resources */,
				2DCB75D3175325D4000718F2 /* enter_room.png in Resources */,
				2DCB75D517532629000718F2 /* leave_room.png in Resources */,
				2DCB75D817533889000718F2 /* enter_room_icon.png in Resources */,
				2DCB75D917533889000718F2 /* leave_room_icon.png in Resources */,
				2DCB75DB175339D6000718F2 /* root_list_back.png in Resources */,
				2DCB75E017533E57000718F2 /* SystemManagerViewController.xib in Resources */,
				2DCB75E517534527000718F2 /* office_logo.png in Resources */,
				2DCB75EA17534722000718F2 /* OfficeListViewController.xib in Resources */,
				2DCB75EF17534EAE000718F2 /* OfficeDetailViewController.xib in Resources */,
				2DCB75F117535580000718F2 /* myoffice_layout.png in Resources */,
				2DC5756D17559C3D009621EB /* icon.png in Resources */,
				2DC575761755DD96009621EB /* light_icon.png in Resources */,
				2DE27F5A1756E5AD00AF109E /* highlight_back.png in Resources */,
				2DE27F621757233D00AF109E /* DeviceConfigViewController.xib in Resources */,
				2DFB50DA17584D4D00F02D49 /* DeviceListViewController.xib in Resources */,
				2DFB50DF1758903A00F02D49 /* IndexViewController.xib in Resources */,
				2DFB50E3175891EC00F02D49 /* launch-568h@2x.png in Resources */,
				2DFB50E4175891EC00F02D49 /* launch.png in Resources */,
				2DFB50E5175891EC00F02D49 /* launch@2x.png in Resources */,
				2DFB50E7175893A400F02D49 /* scan_icon.png in Resources */,
				2DC1A01F175C3F2A000FBB29 /* light_icon_selected.png in Resources */,
				2DD434DA175C875800950BA3 /* zbar-back.png in Resources */,
				2DD434DB175C875800950BA3 /* zbar-help.html in Resources */,
				2DD434DC175C875800950BA3 /* zbar-helpicons.png in Resources */,
				2DD434DD175C875800950BA3 /* zbar-samples.png in Resources */,
				2DD43503175E413300950BA3 /* cbx0.png in Resources */,
				2DD43504175E413300950BA3 /* cbx1.png in Resources */,
				2DD4350A175ED77A00950BA3 /* wifi.png in Resources */,
				2DD43510175F98FC00950BA3 /* cbx00.png in Resources */,
				2DD43511175F98FC00950BA3 /* cbx01.png in Resources */,
				2DD43513175F9CC200950BA3 /* btn_right.png in Resources */,
			);
			runOnlyForDeploymentPostprocessing = 0;
		};
/* End PBXResourcesBuildPhase section */

/* Begin PBXSourcesBuildPhase section */
		2DCB759D175317E3000718F2 /* Sources */ = {
			isa = PBXSourcesBuildPhase;
			buildActionMask = 2147483647;
			files = (
				2DCB75B1175317E3000718F2 /* main.m in Sources */,
				2DCB75B5175317E3000718F2 /* AppDelegate.m in Sources */,
				2DCB75BE175317E3000718F2 /* ViewController.m in Sources */,
				2DCB75CB175318B8000718F2 /* RootViewController.m in Sources */,
				2DCB75DF17533E57000718F2 /* SystemManagerViewController.m in Sources */,
				2DCB75E317533FA6000718F2 /* xxxxViewController.m in Sources */,
				2DCB75E917534722000718F2 /* OfficeListViewController.m in Sources */,
				2DCB75EE17534EAE000718F2 /* OfficeDetailViewController.m in Sources */,
				2DCB75F517544513000718F2 /* CoAPSocket.m in Sources */,
				2DCB75FA1754497F000718F2 /* AsyncUdpSocket.m in Sources */,
				2DCB75FD17544C45000718F2 /* IPAdress.c in Sources */,
				2DCB760017548A68000718F2 /* CoAPSocketUtils.m in Sources */,
				2DE27F5D1756E7ED00AF109E /* ConfigurationManager.m in Sources */,
				2DE27F611757233D00AF109E /* DeviceConfigViewController.m in Sources */,
				2DFB50D917584D4D00F02D49 /* DeviceListViewController.m in Sources */,
				2DFB50DE1758903A00F02D49 /* IndexViewController.m in Sources */,
				2DC1A022175C5E81000FBB29 /* Common.m in Sources */,
				2DD434F8175DDF6000950BA3 /* NSObject+SBJSON.m in Sources */,
				2DD434F9175DDF6000950BA3 /* NSString+SBJSON.m in Sources */,
				2DD434FA175DDF6000950BA3 /* SBJSON.m in Sources */,
				2DD434FB175DDF6000950BA3 /* SBJsonBase.m in Sources */,
				2DD434FC175DDF6000950BA3 /* SBJsonParser.m in Sources */,
				2DD434FD175DDF6000950BA3 /* SBJsonWriter.m in Sources */,
				2DD43500175E3F7D00950BA3 /* CoAPProcessOperation.m in Sources */,
				2DD43508175ED41100950BA3 /* MBProgressHUD.m in Sources */,
				2DD4350D175F192300950BA3 /* PairMacIPOperation.m in Sources */,
			);
			runOnlyForDeploymentPostprocessing = 0;
		};
/* End PBXSourcesBuildPhase section */

/* Begin PBXVariantGroup section */
		2DCB75AD175317E3000718F2 /* InfoPlist.strings */ = {
			isa = PBXVariantGroup;
			children = (
				2DCB75AE175317E3000718F2 /* en */,
				2DC5756E1755CB1C009621EB /* zh-Hans */,
			);
			name = InfoPlist.strings;
			sourceTree = "<group>";
		};
		2DCB75BF175317E3000718F2 /* ViewController.xib */ = {
			isa = PBXVariantGroup;
			children = (
				2DCB75C0175317E3000718F2 /* en */,
			);
			name = ViewController.xib;
			sourceTree = "<group>";
		};
/* End PBXVariantGroup section */

/* Begin XCBuildConfiguration section */
		2DCB75C2175317E3000718F2 /* Debug */ = {
			isa = XCBuildConfiguration;
			buildSettings = {
				ALWAYS_SEARCH_USER_PATHS = NO;
				CLANG_CXX_LANGUAGE_STANDARD = "gnu++0x";
				CLANG_CXX_LIBRARY = "libc++";
				CLANG_WARN_CONSTANT_CONVERSION = YES;
				CLANG_WARN_EMPTY_BODY = YES;
				CLANG_WARN_ENUM_CONVERSION = YES;
				CLANG_WARN_INT_CONVERSION = YES;
				CLANG_WARN__DUPLICATE_METHOD_MATCH = YES;
				"CODE_SIGN_IDENTITY[sdk=iphoneos*]" = "iPhone Developer";
				COPY_PHASE_STRIP = NO;
				GCC_C_LANGUAGE_STANDARD = gnu99;
				GCC_DYNAMIC_NO_PIC = NO;
				GCC_OPTIMIZATION_LEVEL = 0;
				GCC_PREPROCESSOR_DEFINITIONS = (
					"DEBUG=1",
					"$(inherited)",
				);
				GCC_SYMBOLS_PRIVATE_EXTERN = NO;
				GCC_WARN_ABOUT_RETURN_TYPE = YES;
				GCC_WARN_UNINITIALIZED_AUTOS = YES;
				GCC_WARN_UNUSED_VARIABLE = YES;
				IPHONEOS_DEPLOYMENT_TARGET = 6.0;
				ONLY_ACTIVE_ARCH = YES;
				SDKROOT = iphoneos;
			};
			name = Debug;
		};
		2DCB75C3175317E3000718F2 /* Release */ = {
			isa = XCBuildConfiguration;
			buildSettings = {
				ALWAYS_SEARCH_USER_PATHS = NO;
				CLANG_CXX_LANGUAGE_STANDARD = "gnu++0x";
				CLANG_CXX_LIBRARY = "libc++";
				CLANG_WARN_CONSTANT_CONVERSION = YES;
				CLANG_WARN_EMPTY_BODY = YES;
				CLANG_WARN_ENUM_CONVERSION = YES;
				CLANG_WARN_INT_CONVERSION = YES;
				CLANG_WARN__DUPLICATE_METHOD_MATCH = YES;
				"CODE_SIGN_IDENTITY[sdk=iphoneos*]" = "iPhone Developer";
				COPY_PHASE_STRIP = YES;
				GCC_C_LANGUAGE_STANDARD = gnu99;
				GCC_WARN_ABOUT_RETURN_TYPE = YES;
				GCC_WARN_UNINITIALIZED_AUTOS = YES;
				GCC_WARN_UNUSED_VARIABLE = YES;
				IPHONEOS_DEPLOYMENT_TARGET = 6.0;
				OTHER_CFLAGS = "-DNS_BLOCK_ASSERTIONS=1";
				SDKROOT = iphoneos;
				VALIDATE_PRODUCT = YES;
			};
			name = Release;
		};
		2DCB75C5175317E3000718F2 /* Debug */ = {
			isa = XCBuildConfiguration;
			buildSettings = {
				CODE_SIGN_IDENTITY = "iPhone Developer: wang bo (2832WUVSUP)";
				"CODE_SIGN_IDENTITY[sdk=iphoneos*]" = "iPhone Developer: wang bo (2832WUVSUP)";
				GCC_C_LANGUAGE_STANDARD = gnu99;
				GCC_PRECOMPILE_PREFIX_HEADER = YES;
				GCC_PREFIX_HEADER = "LampIphoneApp/LampIphoneApp-Prefix.pch";
				INFOPLIST_FILE = "LampIphoneApp/LampIphoneApp-Info.plist";
				IPHONEOS_DEPLOYMENT_TARGET = 6.0;
				LIBRARY_SEARCH_PATHS = (
					"$(inherited)",
					"\"$(SRCROOT)/LampIphoneApp/vend/ZBarSDK\"",
				);
				PRODUCT_NAME = "$(TARGET_NAME)";
				PROVISIONING_PROFILE = "";
				"PROVISIONING_PROFILE[sdk=iphoneos*]" = "";
				WRAPPER_EXTENSION = app;
			};
			name = Debug;
		};
		2DCB75C6175317E3000718F2 /* Release */ = {
			isa = XCBuildConfiguration;
			buildSettings = {
				GCC_C_LANGUAGE_STANDARD = gnu99;
				GCC_PRECOMPILE_PREFIX_HEADER = YES;
				GCC_PREFIX_HEADER = "LampIphoneApp/LampIphoneApp-Prefix.pch";
				INFOPLIST_FILE = "LampIphoneApp/LampIphoneApp-Info.plist";
				IPHONEOS_DEPLOYMENT_TARGET = 6.0;
				LIBRARY_SEARCH_PATHS = (
					"$(inherited)",
					"\"$(SRCROOT)/LampIphoneApp/vend/ZBarSDK\"",
				);
				PRODUCT_NAME = "$(TARGET_NAME)";
				WRAPPER_EXTENSION = app;
			};
			name = Release;
		};
/* End XCBuildConfiguration section */

/* Begin XCConfigurationList section */
		2DCB759C175317E3000718F2 /* Build configuration list for PBXProject "LampIphoneApp" */ = {
			isa = XCConfigurationList;
			buildConfigurations = (
				2DCB75C2175317E3000718F2 /* Debug */,
				2DCB75C3175317E3000718F2 /* Release */,
			);
			defaultConfigurationIsVisible = 0;
			defaultConfigurationName = Release;
		};
		2DCB75C4175317E3000718F2 /* Build configuration list for PBXNativeTarget "LampIphoneApp" */ = {
			isa = XCConfigurationList;
			buildConfigurations = (
				2DCB75C5175317E3000718F2 /* Debug */,
				2DCB75C6175317E3000718F2 /* Release */,
			);
			defaultConfigurationIsVisible = 0;
			defaultConfigurationName = Release;
		};
/* End XCConfigurationList section */
	};
	rootObject = 2DCB7599175317E3000718F2 /* Project object */;
}
